
Microsoft Visual Studio Solution File, Format Version 12.00
# Visual Studio Version 17
VisualStudioVersion = 17.11.35327.3
MinimumVisualStudioVersion = 10.0.40219.1
Project("{FAE04EC0-301F-11D3-BF4B-00C04F79EFBC}") = "Web.MVC", "Web.MVC\Web.MVC.csproj", "{C7F84F62-5F05-424B-A3C4-EBE11ECDB582}"
EndProject
Project("{FAE04EC0-301F-11D3-BF4B-00C04F79EFBC}") = "Web.Core", "Web.Core\Web.Core.csproj", "{25DB15FA-D80F-4085-9FA5-3C3A5EC43D30}"
EndProject
Project("{FAE04EC0-301F-11D3-BF4B-00C04F79EFBC}") = "Web.Infrastructure", "Web.Infrastructure\Web.Infrastructure.csproj", "{88B211EA-EC6B-48AA-89BE-D10D1FA9DF81}"
EndProject
Project("{FAE04EC0-301F-11D3-BF4B-00C04F79EFBC}") = "Web.Application", "Web.Application\Web.Application.csproj", "{86467E1C-34A7-43F0-9B06-2BD47F9F6259}"
EndProject
Global
	GlobalSection(SolutionConfigurationPlatforms) = preSolution
		Debug|Any CPU = Debug|Any CPU
		Release|Any CPU = Release|Any CPU
	EndGlobalSection
	GlobalSection(ProjectConfigurationPlatforms) = postSolution
		{C7F84F62-5F05-424B-A3C4-EBE11ECDB582}.Debug|Any CPU.ActiveCfg = Debug|Any CPU
		{C7F84F62-5F05-424B-A3C4-EBE11ECDB582}.Debug|Any CPU.Build.0 = Debug|Any CPU
		{C7F84F62-5F05-424B-A3C4-EBE11ECDB582}.Release|Any CPU.ActiveCfg = Release|Any CPU
		{C7F84F62-5F05-424B-A3C4-EBE11ECDB582}.Release|Any CPU.Build.0 = Release|Any CPU
		{25DB15FA-D80F-4085-9FA5-3C3A5EC43D30}.Debug|Any CPU.ActiveCfg = Debug|Any CPU
		{25DB15FA-D80F-4085-9FA5-3C3A5EC43D30}.Debug|Any CPU.Build.0 = Debug|Any CPU
		{25DB15FA-D80F-4085-9FA5-3C3A5EC43D30}.Release|Any CPU.ActiveCfg = Release|Any CPU
		{25DB15FA-D80F-4085-9FA5-3C3A5EC43D30}.Release|Any CPU.Build.0 = Release|Any CPU
		{88B211EA-EC6B-48AA-89BE-D10D1FA9DF81}.Debug|Any CPU.ActiveCfg = Debug|Any CPU
		{88B211EA-EC6B-48AA-89BE-D10D1FA9DF81}.Debug|Any CPU.Build.0 = Debug|Any CPU
		{88B211EA-EC6B-48AA-89BE-D10D1FA9DF81}.Release|Any CPU.ActiveCfg = Release|Any CPU
		{88B211EA-EC6B-48AA-89BE-D10D1FA9DF81}.Release|Any CPU.Build.0 = Release|Any CPU
		{86467E1C-34A7-43F0-9B06-2BD47F9F6259}.Debug|Any CPU.ActiveCfg = Debug|Any CPU
		{86467E1C-34A7-43F0-9B06-2BD47F9F6259}.Debug|Any CPU.Build.0 = Debug|Any CPU
		{86467E1C-34A7-43F0-9B06-2BD47F9F6259}.Release|Any CPU.ActiveCfg = Release|Any CPU
		{86467E1C-34A7-43F0-9B06-2BD47F9F6259}.Release|Any CPU.Build.0 = Release|Any CPU
	EndGlobalSection
	GlobalSection(SolutionProperties) = preSolution
		HideSolutionNode = FALSE
	EndGlobalSection
	GlobalSection(ExtensibilityGlobals) = postSolution
		SolutionGuid = {EA97DE98-9815-4D89-87A9-362F53A1FD15}
	EndGlobalSection
EndGlobal
